# This file is automatically @generated by Cargo.
# It is not intended for manual editing.
version = 3

[[package]]
name = "yune-cli"
version = "0.1.0"
dependencies = [
 "yune-core",
]

[[package]]
name = "yune-core"
version = "0.1.0"

[[package]]
name = "yune-rime-api"
version = "0.1.0"

[[package]]
name = "yune-schema"
version = "0.1.0"
